# THIS IS AN AUTOGENERATED FILE. DO NOT EDIT THIS FILE DIRECTLY.
# yarn lockfile v1


yzc-pages@^0.1.0:
  version "0.1.0"
  resolved "https://registry.npmmirror.com/yzc-pages/-/yzc-pages-0.1.0.tgz#a3203c20b3a65f6268e723733ca27f3dae06efc7"
  integrity sha512-yH4aGJzXrJyEUYjjqDmz8rxekYa5YRhgYKezaKGwk0CXggTx5b4pHD5y7MfB80hJ0Ca7qaXzc1WgwC1Ue4sXPg==
